
Microsoft Visual Studio Solution File, Format Version 12.00
# Visual Studio 14
VisualStudioVersion = 14.0.23107.0
MinimumVisualStudioVersion = 10.0.40219.1
Project("{FAE04EC0-301F-11D3-BF4B-00C04F79EFBC}") = "MusicSync.LibrarySyncService", "MusicSync.LibrarySyncService\MusicSync.LibrarySyncService.csproj", "{304E606F-BF47-4CF6-8610-7DD7B7376667}"
EndProject
Project("{FAE04EC0-301F-11D3-BF4B-00C04F79EFBC}") = "MusicSync.Implementation", "MusicSync.Implementation\MusicSync.Implementation.csproj", "{B9164660-4F76-4E83-8A00-F81BE7C82E7B}"
EndProject
Project("{FAE04EC0-301F-11D3-BF4B-00C04F79EFBC}") = "MusicSync.Common", "MusicSync.Common\MusicSync.Common.csproj", "{A5F35962-4638-4878-8613-AA742200BD9C}"
EndProject
Project("{FAE04EC0-301F-11D3-BF4B-00C04F79EFBC}") = "Wes.Database", "Wes.Database\Wes.Database.csproj", "{9FC1CE68-BFBA-425A-8252-408AB34B8BE3}"
EndProject
Project("{00D1A9C2-B5F0-4AF3-8072-F6C62B433612}") = "MusicSync.Database", "MusicSync.Database\MusicSync.Database.sqlproj", "{97D58E0A-9423-4BCE-A632-94D6047F2DE0}"
EndProject
Project("{FAE04EC0-301F-11D3-BF4B-00C04F79EFBC}") = "MusicSync.UsageSyncService", "MusicSync.UsageSyncService\MusicSync.UsageSyncService.csproj", "{6A11E1C3-7E4A-43B2-BA9F-3B844EFB7F5B}"
EndProject
Project("{FAE04EC0-301F-11D3-BF4B-00C04F79EFBC}") = "MusicSync.TestConsole", "MusicSync.TestConsole\MusicSync.TestConsole.csproj", "{E7B93570-8626-4E31-843C-B65F07674DD7}"
EndProject
Global
	GlobalSection(SolutionConfigurationPlatforms) = preSolution
		Debug|Any CPU = Debug|Any CPU
		Release|Any CPU = Release|Any CPU
	EndGlobalSection
	GlobalSection(ProjectConfigurationPlatforms) = postSolution
		{304E606F-BF47-4CF6-8610-7DD7B7376667}.Debug|Any CPU.ActiveCfg = Debug|Any CPU
		{304E606F-BF47-4CF6-8610-7DD7B7376667}.Debug|Any CPU.Build.0 = Debug|Any CPU
		{304E606F-BF47-4CF6-8610-7DD7B7376667}.Release|Any CPU.ActiveCfg = Release|Any CPU
		{304E606F-BF47-4CF6-8610-7DD7B7376667}.Release|Any CPU.Build.0 = Release|Any CPU
		{B9164660-4F76-4E83-8A00-F81BE7C82E7B}.Debug|Any CPU.ActiveCfg = Debug|Any CPU
		{B9164660-4F76-4E83-8A00-F81BE7C82E7B}.Debug|Any CPU.Build.0 = Debug|Any CPU
		{B9164660-4F76-4E83-8A00-F81BE7C82E7B}.Release|Any CPU.ActiveCfg = Release|Any CPU
		{B9164660-4F76-4E83-8A00-F81BE7C82E7B}.Release|Any CPU.Build.0 = Release|Any CPU
		{A5F35962-4638-4878-8613-AA742200BD9C}.Debug|Any CPU.ActiveCfg = Debug|Any CPU
		{A5F35962-4638-4878-8613-AA742200BD9C}.Debug|Any CPU.Build.0 = Debug|Any CPU
		{A5F35962-4638-4878-8613-AA742200BD9C}.Release|Any CPU.ActiveCfg = Release|Any CPU
		{A5F35962-4638-4878-8613-AA742200BD9C}.Release|Any CPU.Build.0 = Release|Any CPU
		{9FC1CE68-BFBA-425A-8252-408AB34B8BE3}.Debug|Any CPU.ActiveCfg = Debug|Any CPU
		{9FC1CE68-BFBA-425A-8252-408AB34B8BE3}.Debug|Any CPU.Build.0 = Debug|Any CPU
		{9FC1CE68-BFBA-425A-8252-408AB34B8BE3}.Release|Any CPU.ActiveCfg = Release|Any CPU
		{9FC1CE68-BFBA-425A-8252-408AB34B8BE3}.Release|Any CPU.Build.0 = Release|Any CPU
		{97D58E0A-9423-4BCE-A632-94D6047F2DE0}.Debug|Any CPU.ActiveCfg = Debug|Any CPU
		{97D58E0A-9423-4BCE-A632-94D6047F2DE0}.Debug|Any CPU.Build.0 = Debug|Any CPU
		{97D58E0A-9423-4BCE-A632-94D6047F2DE0}.Release|Any CPU.ActiveCfg = Release|Any CPU
		{97D58E0A-9423-4BCE-A632-94D6047F2DE0}.Release|Any CPU.Build.0 = Release|Any CPU
		{97D58E0A-9423-4BCE-A632-94D6047F2DE0}.Release|Any CPU.Deploy.0 = Release|Any CPU
		{6A11E1C3-7E4A-43B2-BA9F-3B844EFB7F5B}.Debug|Any CPU.ActiveCfg = Debug|Any CPU
		{6A11E1C3-7E4A-43B2-BA9F-3B844EFB7F5B}.Debug|Any CPU.Build.0 = Debug|Any CPU
		{6A11E1C3-7E4A-43B2-BA9F-3B844EFB7F5B}.Release|Any CPU.ActiveCfg = Release|Any CPU
		{6A11E1C3-7E4A-43B2-BA9F-3B844EFB7F5B}.Release|Any CPU.Build.0 = Release|Any CPU
		{E7B93570-8626-4E31-843C-B65F07674DD7}.Debug|Any CPU.ActiveCfg = Debug|Any CPU
		{E7B93570-8626-4E31-843C-B65F07674DD7}.Debug|Any CPU.Build.0 = Debug|Any CPU
		{E7B93570-8626-4E31-843C-B65F07674DD7}.Release|Any CPU.ActiveCfg = Release|Any CPU
		{E7B93570-8626-4E31-843C-B65F07674DD7}.Release|Any CPU.Build.0 = Release|Any CPU
	EndGlobalSection
	GlobalSection(SolutionProperties) = preSolution
		HideSolutionNode = FALSE
	EndGlobalSection
EndGlobal
